{
    "_readme": [
        "This file locks the dependencies of your project to a known state",
        "Read more about it at https://getcomposer.org/doc/01-basic-usage.md#installing-dependencies",
        "This file is @generated automatically"
    ],
    "content-hash": "da39a3ee5e6b4b0d3255bfef95601890afd80709",
    "packages": [
        {
            "name": "symfony/console",
            "version": "v5.4.28",
            "source": {
                "type": "git",
                "url": "https://github.com/symfony/console.git",
                "reference": "f4f69f9e2d7987e1d3cbc0c67f201cf83985336d"
            },
            "dist": {
                "type": "zip",
                "url": "https://api.github.com/repos/symfony/console/zipball/f4f69f9e2d7987e1d3cbc0c67f201cf83985336d",
                "reference": "f4f69f9e2d7987e1d3cbc0c67f201cf83985336d",
                "shasum": ""
            },
            "require": {
                "php": ">=7.2.5",
                "symfony/polyfill-mbstring": "~1.0",
                "symfony/service-contracts": "^1.1|^2|^3",
                "symfony/string": "^5.1|^6.0"
            },
            "type": "library",
            "autoload": {
                "psr-4": {
                    "Symfony\\Component\\Console\\": ""
                },
                "exclude-from-classmap": [
                    "/Tests/"
                ]
            },
            "notification-url": "https://packagist.org/downloads/",
            "license": [
                "MIT"
            ],
            "authors": [
                {
                    "name": "Fabien Potencier",
                    "email": "fabien@symfony.com"
                },
                {
                    "name": "Symfony Community",
                    "homepage": "https://symfony.com/contributors"
                }
            ],
            "description": "Eases the creation of beautiful and testable command line interfaces",
            "homepage": "https://symfony.com",
            "keywords": [
                "cli",
                "command line",
                "console",
                "terminal"
            ],
            "support": {
                "source": "https://github.com/symfony/console/tree/v5.4.28"
            },
            "funding": [
                {
                    "url": "https://symfony.com/sponsor",
                    "type": "custom"
                },
                {
                    "url": "https://github.com/fabpot",
                    "type": "github"
                },
                {
                    "url": "https://tidelift.com/funding/github/packagist/symfony/symfony",
                    "type": "tidelift"
                }
            ],
            "time": "2023-08-08T06:39:12+00:00"
        },
        {
            "name": "symfony/polyfill-mbstring",
            "version": "v1.28.0",
            "source": {
                "type": "git",
                "url": "https://github.com/symfony/polyfill-mbstring.git",
                "reference": "42292d99c55abe617799667f454222c54c60e229"
            },
            "dist": {
                "type": "zip",
                "url": "https://api.github.com/repos/symfony/polyfill-mbstring/zipball/42292d99c55abe617799667f454222c54c60e229",
                "reference": "42292d99c55abe617799667f454222c54c60e229",
                "shasum": ""
            },
            "require": {
                "php": ">=7.1"
            },
            "provide": {
                "ext-mbstring": "*"
            },
            "suggest": {
                "ext-mbstring": "For best performance"
            },
            "type": "library",
            "extra": {
                "branch-alias": {
                    "dev-main": "1.28-dev"
                },
                "thanks": {
                    "name": "symfony/polyfill",
                    "url": "https://github.com/symfony/polyfill"
                }
            },
            "autoload": {
                "files": [
                    "bootstrap.php"
                ],
                "psr-4": {
                    "Symfony\\Polyfill\\Mbstring\\": ""
                }
            },
            "notification-url": "https://packagist.org/downloads/",
            "license": [
                "MIT"
            ],
            "authors": [
                {
                    "name": "Nicolas Grekas",
                    "email": "p@tchwork.com"
                },
                {
                    "name": "Symfony Community",
                    "homepage": "https://symfony.com/contributors"
                }
            ],
            "description": "Symfony polyfill for the Mbstring extension",
            "homepage": "https://symfony.com",
            "keywords": [
                "compatibility",
                "mbstring",
                "polyfill",
                "portable",
                "shim"
            ],
            "support": {
                "source": "https://github.com/symfony/polyfill-mbstring/tree/v1.28.0"
            },
            "funding": [
                {
                    "url": "https://symfony.com/sponsor",
                    "type": "custom"
                },
                {
                    "url": "https://github.com/fabpot",
                    "type": "github"
                },
                {
                    "url": "https://tidelift.com/funding/github/packagist/symfony/symfony",
                    "type": "tidelift"
                }
            ],
            "time": "2023-07-28T09:04:16+00:00"
        }
    ],
    "packages-dev": [
        {
            "name": "phpunit/phpunit",
            "version": "9.6.13",
            "source": {
                "type": "git",
                "url": "https://github.com/sebastianbergmann/phpunit.git",
                "reference": "f3d767f7f9e191eab4189abe41ab37797e30b1be"
            },
            "dist": {
                "type": "zip",
                "url": "https://api.github.com/repos/sebastianbergmann/phpunit/zipball/f3d767f7f9e191eab4189abe41ab37797e30b1be",
                "reference": "f3d767f7f9e191eab4189abe41ab37797e30b1be",
                "shasum": ""
            },
            "require": {
                "ext-dom": "*",
                "ext-json": "*",
                "ext-libxml": "*",
                "ext-mbstring": "*",
                "ext-xml": "*",
                "ext-xmlwriter": "*",
                "php": ">=7.3",
                "phpunit/php-code-coverage": "^9.2.13",
                "phpunit/php-file-iterator": "^3.0.6",
                "phpunit/php-invoker": "^3.1.1",
                "phpunit/php-text-template": "^2.0.4",
                "phpunit/php-timer": "^5.0.3",
                "sebastian/cli-parser": "^1.0.1",
                "sebastian/code-unit": "^1.0.8",
                "sebastian/comparator": "^4.0.8",
                "sebastian/diff": "^4.0.4",
                "sebastian/environment": "^5.1.4",
                "sebastian/exporter": "^4.0.5",
                "sebastian/global-state": "^5.0.5",
                "sebastian/object-enumerator": "^4.0.4",
                "sebastian/resource-operations": "^3.0.3",
                "sebastian/type": "^3.2.1",
                "sebastian/version": "^3.0.2"
            },
            "suggest": {
                "ext-soap": "*",
                "ext-xdebug": "*"
            },
            "bin": [
                "phpunit"
            ],
            "type": "library",
            "extra": {
                "branch-alias": {
                    "dev-master": "9.6-dev"
                }
            },
            "autoload": {
                "files": [
                    "src/Framework/Assert/Functions.php"
                ],
                "classmap": [
                    "src/"
                ]
            },
            "notification-url": "https://packagist.org/downloads/",
            "license": [
                "BSD-3-Clause"
            ],
            "authors": [
                {
                    "name": "Sebastian Bergmann",
                    "email": "sebastian@phpunit.de",
                    "role": "lead"
                }
            ],
            "description": "The PHP Unit Testing framework.",
            "homepage": "https://phpunit.de/",
            "keywords": [
                "phpunit",
                "testing",
                "xunit"
            ],
            "support": {
                "issues": "https://github.com/sebastianbergmann/phpunit/issues",
                "security": "https://github.com/sebastianbergmann/phpunit/security/policy"
            },
            "funding": [
                {
                    "url": "https://phpunit.de/sponsors.html",
                    "type": "custom"
                },
                {
                    "url": "https://github.com/sebastianbergmann",
                    "type": "github"
                },
                {
                    "url": "https://tidelift.com/funding/github/packagist/phpunit/phpunit",
                    "type": "tidelift"
                }
            ],
            "time": "2023-09-03T08:50:26+00:00"
        }
    ],
    "aliases": [],
    "minimum-stability": "stable",
    "stability-flags": [],
    "prefer-stable": false,
    "prefer-lowest": false,
    "platform": {
        "php": "^7.4|^8.0"
    },
    "platform-dev": [],
    "plugin-api-version": "2.3.0"
}