{
    "_meta": {
        "hash": {
            "sha256": "7e6dca07b964c2888f3bac41d90a0a9c2f105829eb8f84d8671507a2c9e19c8f"
        },
        "pipfile-spec": 6,
        "requires": {
            "python_version": "3.9"
        },
        "sources": [
            {
                "name": "pypi",
                "url": "https://pypi.org/simple",
                "verify_ssl": true
            }
        ]
    },
    "default": {
        "flask": {
            "hashes": [
                "sha256:4efa1ae2d7c9865af48986de8aeb8504bf32c7f3d6fdc9353d34b21f4b127060",
                "sha256:8a4fdd8936eba2512e9c85df320a37e694c93945b33ef33c89946a340a238557"
            ],
            "index": "pypi",
            "version": "==2.1.2"
        },
        "sqlalchemy": {
            "hashes": [
                "sha256:09e39186e531a866e90f2f6a8b2f0b5f2f6b1f7c4fdd0f3f8f53e4b76b2f6f8a",
                "sha256:f3b7ec4d307e2b2e1e0d67f899c48edb8c5e0b4a78f086f4a4f3ac6a0f7a1d8a"
            ],
            "index": "pypi",
            "version": "==1.4.36"
        },
        "requests": {
            "hashes": [
                "sha256:68d7c56fd5a8999887728ef304a6d12edc7be74f1cfa47714fc8b414525c9a61",
                "sha256:f22fa1e554c9ddfd16e6e41ac79759e17be9e492b3587efa038054674760e72d"
            ],
            "index": "pypi",
            "version": "==2.27.1"
        },
        "pyyaml": {
            "hashes": [
                "sha256:0283c35a6a9fbf047493e3a0ce8d79ef5030852c51e9d911a27badfde0605293",
                "sha256:055d937d65826939cb044fc8c9b08889e8c743fdc6a32b33e2390f66013e449b"
            ],
            "index": "pypi",
            "version": "==6.0"
        }
    },
    "develop": {
        "pytest": {
            "hashes": [
                "sha256:13d0e3ccfc2b6e26be000cb6568c832ba67ba32e719443bfe725814d3c42433c",
                "sha256:a06a0425453864a270bc45e71f783330a7428defb4230fb5e6a731fde06ecd45"
            ],
            "index": "pypi",
            "version": "==7.1.2"
        },
        "flake8": {
            "hashes": [
                "sha256:479b1304f72536a55948cb40a32dce8bb0ffe3501e26eaf292c7e60eb5e0428d",
                "sha256:806e034dda44114815e23c16ef92f95c91e4c71100ff52813adf7132a6ad870d"
            ],
            "index": "pypi",
            "version": "==4.0.1"
        },
        "black": {
            "hashes": [
                "sha256:06f9d8846f2340dfac80ceb20200ea5d1b3f181dd0556b47af4e8e0b24fa0a6b",
                "sha256:8084b7b981758afb3245c3b595f0c1d021d02b35be7592fecd42d5cba95dc32b"
            ],
            "index": "pypi",
            "version": "==22.3.0"
        }
    }
}